# Generated by pub
# See https://dart.dev/tools/pub/glossary#lockfile
packages:
  archive:
    dependency: transitive
    description:
      name: archive
      sha256: "2fde1607386ab523f7a36bb3e7edb43bd58e6edaf2ffb29d8a6d578b297fdbbd"
      url: "https://pub.flutter-io.cn"
    source: hosted
    version: "4.0.7"
  args:
    dependency: transitive
    description:
      name: args
      sha256: d0481093c50b1da8910eb0bb301626d4d8eb7284aa739614d2b394ee09e3ea04
      url: "https://pub.flutter-io.cn"
    source: hosted
    version: "2.7.0"
  async:
    dependency: transitive
    description:
      name: async
      sha256: "758e6d74e971c3e5aceb4110bfd6698efc7f501675bcfe0c775459a8140750eb"
      url: "https://pub.flutter-io.cn"
    source: hosted
    version: "2.13.0"
  characters:
    dependency: transitive
    description:
      name: characters
      sha256: "04a925763edad70e8443c99234dc3328f442e811f1d8fd1a72f1c8ad0f69a605"
      url: "https://pub.flutter-io.cn"
    source: hosted
    version: "1.3.0"
  checked_yaml:
    dependency: transitive
    description:
      name: checked_yaml
      sha256: feb6bed21949061731a7a75fc5d2aa727cf160b91af9a3e464c5e3a32e28b5ff
      url: "https://pub.flutter-io.cn"
    source: hosted
    version: "2.0.3"
  cli_util:
    dependency: transitive
    description:
      name: cli_util
      sha256: ff6785f7e9e3c38ac98b2fb035701789de90154024a75b6cb926445e83197d1c
      url: "https://pub.flutter-io.cn"
    source: hosted
    version: "0.4.2"
  clock:
    dependency: transitive
    description:
      name: clock
      sha256: fddb70d9b5277016c77a80201021d40a2247104d9f4aa7bab7157b7e3f05b84b
      url: "https://pub.flutter-io.cn"
    source: hosted
    version: "1.1.2"
  collection:
    dependency: transitive
    description:
      name: collection
      sha256: a1ace0a119f20aabc852d165077c036cd864315bd99b7eaa10a60100341941bf
      url: "https://pub.flutter-io.cn"
    source: hosted
    version: "1.19.0"
  cross_file:
    dependency: transitive
    description:
      name: cross_file
      sha256: "7caf6a750a0c04effbb52a676dce9a4a592e10ad35c34d6d2d0e4811160d5670"
      url: "https://pub.flutter-io.cn"
    source: hosted
    version: "0.3.4+2"
  crypto:
    dependency: transitive
    description:
      name: crypto
      sha256: "1e445881f28f22d6140f181e07737b22f1e099a5e1ff94b0af2f9e4a463f4855"
      url: "https://pub.flutter-io.cn"
    source: hosted
    version: "3.0.6"
  cupertino_icons:
    dependency: "direct main"
    description:
      name: cupertino_icons
      sha256: ba631d1c7f7bef6b729a622b7b752645a2d076dba9976925b8f25725a30e1ee6
      url: "https://pub.flutter-io.cn"
    source: hosted
    version: "1.0.8"
  dbus:
    dependency: transitive
    description:
      name: dbus
      sha256: "79e0c23480ff85dc68de79e2cd6334add97e48f7f4865d17686dd6ea81a47e8c"
      url: "https://pub.flutter-io.cn"
    source: hosted
    version: "0.7.11"
  desktop_drop:
    dependency: "direct main"
    description:
      path: "packages/desktop_drop"
      ref: HEAD
      resolved-ref: dad32377a6495de8e2de4bc7ee2bfee76fa5b38a
      url: "https://gitee.com/molihuan/flutter-plugins.git"
    source: git
    version: "0.7.0"
  ffi:
    dependency: transitive
    description:
      name: ffi
      sha256: "16ed7b077ef01ad6170a3d0c57caa4a112a38d7a2ed5602e0aca9ca6f3d98da6"
      url: "https://pub.flutter-io.cn"
    source: hosted
    version: "2.1.3"
  ffmpeg_hl:
    dependency: "direct main"
    description:
      path: ffmpeg_hl
      relative: true
    source: path
    version: "0.0.1"
  ffmpeg_kit_flutter_new_min:
    dependency: transitive
    description:
      name: ffmpeg_kit_flutter_new_min
      sha256: "1fce79b73ebbcf34e1063ed84cacc4920adfbb8631877e585302e68157b0ace3"
      url: "https://pub.flutter-io.cn"
    source: hosted
    version: "2.1.0"
  ffmpeg_kit_flutter_platform_interface:
    dependency: transitive
    description:
      name: ffmpeg_kit_flutter_platform_interface
      sha256: addf046ae44e190ad0101b2fde2ad909a3cd08a2a109f6106d2f7048b7abedee
      url: "https://pub.flutter-io.cn"
    source: hosted
    version: "0.2.1"
  file:
    dependency: transitive
    description:
      name: file
      sha256: a3b4f84adafef897088c160faf7dfffb7696046cb13ae90b508c2cbc95d3b8d4
      url: "https://pub.flutter-io.cn"
    source: hosted
    version: "7.0.1"
  file_picker:
    dependency: "direct main"
    description:
      name: file_picker
      sha256: f2d9f173c2c14635cc0e9b14c143c49ef30b4934e8d1d274d6206fcb0086a06f
      url: "https://pub.flutter-io.cn"
    source: hosted
    version: "10.3.3"
  flutter:
    dependency: "direct main"
    description: flutter
    source: sdk
    version: "0.0.0"
  flutter_launcher_icons:
    dependency: "direct dev"
    description:
      name: flutter_launcher_icons
      sha256: "10f13781741a2e3972126fae08393d3c4e01fa4cd7473326b94b72cf594195e7"
      url: "https://pub.flutter-io.cn"
    source: hosted
    version: "0.14.4"
  flutter_lints:
    dependency: "direct dev"
    description:
      name: flutter_lints
      sha256: "9e8c3858111da373efc5aa341de011d9bd23e2c5c5e0c62bccf32438e192d7b1"
      url: "https://pub.flutter-io.cn"
    source: hosted
    version: "3.0.2"
  flutter_plugin_android_lifecycle:
    dependency: transitive
    description:
      name: flutter_plugin_android_lifecycle
      sha256: "9ee02950848f61c4129af3d6ec84a1cfc0e47931abc746b03e7a3bc3e8ff6eda"
      url: "https://pub.flutter-io.cn"
    source: hosted
    version: "2.0.22"
  flutter_web_plugins:
    dependency: transitive
    description: flutter
    source: sdk
    version: "0.0.0"
  get:
    dependency: "direct main"
    description:
      path: "."
      ref: HEAD
      resolved-ref: "32cc30bfc69e5a7a190b2bd2d9441fa11320c1fb"
      url: "https://gitcode.com/openharmony-sig/fluttertpc_get.git"
    source: git
    version: "4.6.5"
  http:
    dependency: transitive
    description:
      name: http
      sha256: bb2ce4590bc2667c96f318d68cac1b5a7987ec819351d32b1c987239a815e007
      url: "https://pub.flutter-io.cn"
    source: hosted
    version: "1.5.0"
  http_parser:
    dependency: transitive
    description:
      name: http_parser
      sha256: "2aa08ce0341cc9b354a498388e30986515406668dbcc4f7c950c3e715496693b"
      url: "https://pub.flutter-io.cn"
    source: hosted
    version: "4.0.2"
  image:
    dependency: transitive
    description:
      name: image
      sha256: "4e973fcf4caae1a4be2fa0a13157aa38a8f9cb049db6529aa00b4d71abc4d928"
      url: "https://pub.flutter-io.cn"
    source: hosted
    version: "4.5.4"
  json_annotation:
    dependency: transitive
    description:
      name: json_annotation
      sha256: "1ce844379ca14835a50d2f019a3099f419082cfdd231cd86a142af94dd5c6bb1"
      url: "https://pub.flutter-io.cn"
    source: hosted
    version: "4.9.0"
  lints:
    dependency: transitive
    description:
      name: lints
      sha256: cbf8d4b858bb0134ef3ef87841abdf8d63bfc255c266b7bf6b39daa1085c4290
      url: "https://pub.flutter-io.cn"
    source: hosted
    version: "3.0.0"
  material_color_utilities:
    dependency: transitive
    description:
      name: material_color_utilities
      sha256: f7142bb1154231d7ea5f96bc7bde4bda2a0945d2806bb11670e30b850d56bdec
      url: "https://pub.flutter-io.cn"
    source: hosted
    version: "0.11.1"
  meta:
    dependency: transitive
    description:
      name: meta
      sha256: bdb68674043280c3428e9ec998512fb681678676b3c54e773629ffe74419f8c7
      url: "https://pub.flutter-io.cn"
    source: hosted
    version: "1.15.0"
  package_info_plus:
    dependency: "direct main"
    description:
      path: "packages/package_info_plus/package_info_plus"
      ref: "br_package_info_plus-v8.1.0_ohos"
      resolved-ref: "2180f5bd763cc26478d4f0baba4acdc1528f4647"
      url: "https://gitcode.com/openharmony-sig/flutter_plus_plugins.git"
    source: git
    version: "8.1.0"
  package_info_plus_platform_interface:
    dependency: transitive
    description:
      name: package_info_plus_platform_interface
      sha256: "202a487f08836a592a6bd4f901ac69b3a8f146af552bbd14407b6b41e1c3f086"
      url: "https://pub.flutter-io.cn"
    source: hosted
    version: "3.2.1"
  path:
    dependency: "direct main"
    description:
      name: path
      sha256: "75cca69d1490965be98c73ceaea117e8a04dd21217b37b292c9ddbec0d955bc5"
      url: "https://pub.flutter-io.cn"
    source: hosted
    version: "1.9.1"
  path_provider:
    dependency: "direct main"
    description:
      path: "packages/path_provider/path_provider"
      ref: HEAD
      resolved-ref: "17dc9d4014a4b4bbcfc99ee33cf3006699548f51"
      url: "https://gitcode.com/openharmony-tpc/flutter_packages.git"
    source: git
    version: "2.1.0"
  path_provider_android:
    dependency: transitive
    description:
      name: path_provider_android
      sha256: "6f01f8e37ec30b07bc424b4deabac37cacb1bc7e2e515ad74486039918a37eb7"
      url: "https://pub.flutter-io.cn"
    source: hosted
    version: "2.2.10"
  path_provider_foundation:
    dependency: transitive
    description:
      name: path_provider_foundation
      sha256: "4843174df4d288f5e29185bd6e72a6fbdf5a4a4602717eed565497429f179942"
      url: "https://pub.flutter-io.cn"
    source: hosted
    version: "2.4.1"
  path_provider_linux:
    dependency: transitive
    description:
      name: path_provider_linux
      sha256: f7a1fe3a634fe7734c8d3f2766ad746ae2a2884abe22e241a8b301bf5cac3279
      url: "https://pub.flutter-io.cn"
    source: hosted
    version: "2.2.1"
  path_provider_ohos:
    dependency: transitive
    description:
      path: "packages/path_provider/path_provider_ohos"
      ref: HEAD
      resolved-ref: "17dc9d4014a4b4bbcfc99ee33cf3006699548f51"
      url: "https://gitcode.com/openharmony-tpc/flutter_packages.git"
    source: git
    version: "2.2.1"
  path_provider_platform_interface:
    dependency: transitive
    description:
      name: path_provider_platform_interface
      sha256: "88f5779f72ba699763fa3a3b06aa4bf6de76c8e5de842cf6f29e2e06476c2334"
      url: "https://pub.flutter-io.cn"
    source: hosted
    version: "2.1.2"
  path_provider_windows:
    dependency: transitive
    description:
      name: path_provider_windows
      sha256: bd6f00dbd873bfb70d0761682da2b3a2c2fccc2b9e84c495821639601d81afe7
      url: "https://pub.flutter-io.cn"
    source: hosted
    version: "2.3.0"
  petitparser:
    dependency: transitive
    description:
      name: petitparser
      sha256: c15605cd28af66339f8eb6fbe0e541bfe2d1b72d5825efc6598f3e0a31b9ad27
      url: "https://pub.flutter-io.cn"
    source: hosted
    version: "6.0.2"
  platform:
    dependency: transitive
    description:
      name: platform
      sha256: "5d6b1b0036a5f331ebc77c850ebc8506cbc1e9416c27e59b439f917a902a4984"
      url: "https://pub.flutter-io.cn"
    source: hosted
    version: "3.1.6"
  plugin_platform_interface:
    dependency: transitive
    description:
      name: plugin_platform_interface
      sha256: "4820fbfdb9478b1ebae27888254d445073732dae3d6ea81f0b7e06d5dedc3f02"
      url: "https://pub.flutter-io.cn"
    source: hosted
    version: "2.1.8"
  posix:
    dependency: transitive
    description:
      name: posix
      sha256: "6323a5b0fa688b6a010df4905a56b00181479e6d10534cecfecede2aa55add61"
      url: "https://pub.flutter-io.cn"
    source: hosted
    version: "6.0.3"
  shared_preferences:
    dependency: "direct main"
    description:
      path: "packages/shared_preferences/shared_preferences"
      ref: HEAD
      resolved-ref: "4853d8f93bcb95bfb18b2a520b56132350ab55fc"
      url: "https://gitcode.com/openharmony-sig/flutter_packages.git"
    source: git
    version: "2.2.0"
  shared_preferences_android:
    dependency: transitive
    description:
      name: shared_preferences_android
      sha256: "480ba4345773f56acda9abf5f50bd966f581dac5d514e5fc4a18c62976bbba7e"
      url: "https://pub.flutter-io.cn"
    source: hosted
    version: "2.3.2"
  shared_preferences_foundation:
    dependency: transitive
    description:
      name: shared_preferences_foundation
      sha256: "6a52cfcdaeac77cad8c97b539ff688ccfc458c007b4db12be584fbe5c0e49e03"
      url: "https://pub.flutter-io.cn"
    source: hosted
    version: "2.5.4"
  shared_preferences_linux:
    dependency: transitive
    description:
      name: shared_preferences_linux
      sha256: "580abfd40f415611503cae30adf626e6656dfb2f0cee8f465ece7b6defb40f2f"
      url: "https://pub.flutter-io.cn"
    source: hosted
    version: "2.4.1"
  shared_preferences_ohos:
    dependency: transitive
    description:
      path: "packages/shared_preferences/shared_preferences_ohos"
      ref: HEAD
      resolved-ref: "4853d8f93bcb95bfb18b2a520b56132350ab55fc"
      url: "https://gitcode.com/openharmony-sig/flutter_packages.git"
    source: git
    version: "2.2.0"
  shared_preferences_platform_interface:
    dependency: transitive
    description:
      name: shared_preferences_platform_interface
      sha256: "57cbf196c486bc2cf1f02b85784932c6094376284b3ad5779d1b1c6c6a816b80"
      url: "https://pub.flutter-io.cn"
    source: hosted
    version: "2.4.1"
  shared_preferences_web:
    dependency: transitive
    description:
      name: shared_preferences_web
      sha256: c49bd060261c9a3f0ff445892695d6212ff603ef3115edbb448509d407600019
      url: "https://pub.flutter-io.cn"
    source: hosted
    version: "2.4.3"
  shared_preferences_windows:
    dependency: transitive
    description:
      name: shared_preferences_windows
      sha256: "94ef0f72b2d71bc3e700e025db3710911bd51a71cefb65cc609dd0d9a982e3c1"
      url: "https://pub.flutter-io.cn"
    source: hosted
    version: "2.4.1"
  sky_engine:
    dependency: transitive
    description: flutter
    source: sdk
    version: "0.0.0"
  source_span:
    dependency: transitive
    description:
      name: source_span
      sha256: "254ee5351d6cb365c859e20ee823c3bb479bf4a293c22d17a9f1bf144ce86f7c"
      url: "https://pub.flutter-io.cn"
    source: hosted
    version: "1.10.1"
  string_scanner:
    dependency: transitive
    description:
      name: string_scanner
      sha256: "921cd31725b72fe181906c6a94d987c78e3b98c2e205b397ea399d4054872b43"
      url: "https://pub.flutter-io.cn"
    source: hosted
    version: "1.4.1"
  term_glyph:
    dependency: transitive
    description:
      name: term_glyph
      sha256: "7f554798625ea768a7518313e58f83891c7f5024f88e46e7182a4558850a4b8e"
      url: "https://pub.flutter-io.cn"
    source: hosted
    version: "1.2.2"
  typed_data:
    dependency: transitive
    description:
      name: typed_data
      sha256: facc8d6582f16042dd49f2463ff1bd6e2c9ef9f3d5da3d9b087e244a7b564b3c
      url: "https://pub.flutter-io.cn"
    source: hosted
    version: "1.3.2"
  universal_platform:
    dependency: transitive
    description:
      name: universal_platform
      sha256: "64e16458a0ea9b99260ceb5467a214c1f298d647c659af1bff6d3bf82536b1ec"
      url: "https://pub.flutter-io.cn"
    source: hosted
    version: "1.1.0"
  url_launcher:
    dependency: "direct main"
    description:
      path: "packages/url_launcher/url_launcher"
      ref: "br_url_launcher_v6.3.1_ohos"
      resolved-ref: "34dd2b4ce6a6a9fe5f298d75f8a007b0de0789d2"
      url: "https://gitcode.com/openharmony-tpc/flutter_packages.git"
    source: git
    version: "6.1.12"
  url_launcher_android:
    dependency: transitive
    description:
      name: url_launcher_android
      sha256: f0c73347dfcfa5b3db8bc06e1502668265d39c08f310c29bff4e28eea9699f79
      url: "https://pub.flutter-io.cn"
    source: hosted
    version: "6.3.9"
  url_launcher_ios:
    dependency: transitive
    description:
      name: url_launcher_ios
      sha256: "7f2022359d4c099eea7df3fdf739f7d3d3b9faf3166fb1dd390775176e0b76cb"
      url: "https://pub.flutter-io.cn"
    source: hosted
    version: "6.3.3"
  url_launcher_linux:
    dependency: transitive
    description:
      name: url_launcher_linux
      sha256: "4e9ba368772369e3e08f231d2301b4ef72b9ff87c31192ef471b380ef29a4935"
      url: "https://pub.flutter-io.cn"
    source: hosted
    version: "3.2.1"
  url_launcher_macos:
    dependency: transitive
    description:
      name: url_launcher_macos
      sha256: "17ba2000b847f334f16626a574c702b196723af2a289e7a93ffcb79acff855c2"
      url: "https://pub.flutter-io.cn"
    source: hosted
    version: "3.2.2"
  url_launcher_ohos:
    dependency: transitive
    description:
      path: "packages/url_launcher/url_launcher_ohos"
      ref: HEAD
      resolved-ref: aa8bd278b88bd13ade0d4d95e802b8a29865d028
      url: "https://gitcode.com/openharmony-tpc/flutter_packages.git"
    source: git
    version: "6.0.38"
  url_launcher_platform_interface:
    dependency: transitive
    description:
      name: url_launcher_platform_interface
      sha256: "552f8a1e663569be95a8190206a38187b531910283c3e982193e4f2733f01029"
      url: "https://pub.flutter-io.cn"
    source: hosted
    version: "2.3.2"
  url_launcher_web:
    dependency: transitive
    description:
      name: url_launcher_web
      sha256: "772638d3b34c779ede05ba3d38af34657a05ac55b06279ea6edd409e323dca8e"
      url: "https://pub.flutter-io.cn"
    source: hosted
    version: "2.3.3"
  url_launcher_windows:
    dependency: transitive
    description:
      name: url_launcher_windows
      sha256: "3284b6d2ac454cf34f114e1d3319866fdd1e19cdc329999057e44ffe936cfa77"
      url: "https://pub.flutter-io.cn"
    source: hosted
    version: "3.1.4"
  vector_math:
    dependency: transitive
    description:
      name: vector_math
      sha256: "80b3257d1492ce4d091729e3a67a60407d227c27241d6927be0130c98e741803"
      url: "https://pub.flutter-io.cn"
    source: hosted
    version: "2.1.4"
  web:
    dependency: transitive
    description:
      name: web
      sha256: "868d88a33d8a87b18ffc05f9f030ba328ffefba92d6c127917a2ba740f9cfe4a"
      url: "https://pub.flutter-io.cn"
    source: hosted
    version: "1.1.1"
  win32:
    dependency: transitive
    description:
      name: win32
      sha256: daf97c9d80197ed7b619040e86c8ab9a9dad285e7671ee7390f9180cc828a51e
      url: "https://pub.flutter-io.cn"
    source: hosted
    version: "5.10.1"
  xdg_directories:
    dependency: transitive
    description:
      name: xdg_directories
      sha256: "7a3f37b05d989967cdddcbb571f1ea834867ae2faa29725fd085180e0883aa15"
      url: "https://pub.flutter-io.cn"
    source: hosted
    version: "1.1.0"
  xml:
    dependency: transitive
    description:
      name: xml
      sha256: b015a8ad1c488f66851d762d3090a21c600e479dc75e68328c52774040cf9226
      url: "https://pub.flutter-io.cn"
    source: hosted
    version: "6.5.0"
  yaml:
    dependency: transitive
    description:
      name: yaml
      sha256: b9da305ac7c39faa3f030eccd175340f968459dae4af175130b3fc47e40d76ce
      url: "https://pub.flutter-io.cn"
    source: hosted
    version: "3.1.3"
sdks:
  dart: ">=3.5.0 <4.0.0"
  flutter: ">=3.22.0"
